
Microsoft Visual Studio Solution File, Format Version 12.00
# Visual Studio Version 16
VisualStudioVersion = 16.0.31019.35
MinimumVisualStudioVersion = 10.0.40219.1
Project("{FAE04EC0-301F-11D3-BF4B-00C04F79EFBC}") = "UnitTestProject1", "UnitTestProject1\UnitTestProject1.csproj", "{787BCE84-70EC-4BF8-8765-A009CE8CE5F7}"
EndProject
Global
	GlobalSection(SolutionConfigurationPlatforms) = preSolution
		Debug|Any CPU = Debug|Any CPU
		Release|Any CPU = Release|Any CPU
	EndGlobalSection
	GlobalSection(ProjectConfigurationPlatforms) = postSolution
		{787BCE84-70EC-4BF8-8765-A009CE8CE5F7}.Debug|Any CPU.ActiveCfg = Debug|Any CPU
		{787BCE84-70EC-4BF8-8765-A009CE8CE5F7}.Debug|Any CPU.Build.0 = Debug|Any CPU
		{787BCE84-70EC-4BF8-8765-A009CE8CE5F7}.Release|Any CPU.ActiveCfg = Release|Any CPU
		{787BCE84-70EC-4BF8-8765-A009CE8CE5F7}.Release|Any CPU.Build.0 = Release|Any CPU
	EndGlobalSection
	GlobalSection(SolutionProperties) = preSolution
		HideSolutionNode = FALSE
	EndGlobalSection
	GlobalSection(ExtensibilityGlobals) = postSolution
		SolutionGuid = {E3FC07A7-9740-4ADC-BA5C-169D20802565}
	EndGlobalSection
EndGlobal
